
Microsoft Visual Studio Solution File, Format Version 12.00
# Visual Studio 15
VisualStudioVersion = 15.0.28307.168
MinimumVisualStudioVersion = 10.0.40219.1
Project("{9A19103F-16F7-4668-BE54-9A1E7A4F7556}") = "Hisab.BL", "Hisab.BL\Hisab.BL.csproj", "{2A5BCCE8-6FBE-40EE-91FC-F94FD569D358}"
EndProject
Project("{00D1A9C2-B5F0-4AF3-8072-F6C62B433612}") = "Hisab.Database", "Hisab.Database\Hisab.Database.sqlproj", "{4C728D2D-CB86-41E4-BA66-CE58D699B4D0}"
EndProject
Project("{9A19103F-16F7-4668-BE54-9A1E7A4F7556}") = "Hisab.Dapper", "Hisab.Dapper\Hisab.Dapper.csproj", "{43308B3E-F6FE-4777-9D24-A19308EF7F13}"
EndProject
Project("{2150E333-8FDC-42A3-9474-1A3956D46DE8}") = "Tests", "Tests", "{993D91D4-5F06-41A3-9575-3263E896BA51}"
EndProject
Project("{9A19103F-16F7-4668-BE54-9A1E7A4F7556}") = "Hisab.Database.Test", "Hisab.Database.Test\Hisab.Database.Test.csproj", "{5F8EDC23-8A1C-47FA-9A5E-8CB23E56A25E}"
EndProject
Project("{9A19103F-16F7-4668-BE54-9A1E7A4F7556}") = "Hisab.UI", "Hisab.UI\Hisab.UI.csproj", "{644E6307-D859-4297-8A06-88C3B8D74664}"
EndProject
Project("{FAE04EC0-301F-11D3-BF4B-00C04F79EFBC}") = "Hisab.AWS", "Hisab.AWS\Hisab.AWS.csproj", "{9806DC3D-EF58-44D1-AC53-12C65D736B74}"
EndProject
Global
	GlobalSection(SolutionConfigurationPlatforms) = preSolution
		Debug|Any CPU = Debug|Any CPU
		Release|Any CPU = Release|Any CPU
	EndGlobalSection
	GlobalSection(ProjectConfigurationPlatforms) = postSolution
		{2A5BCCE8-6FBE-40EE-91FC-F94FD569D358}.Debug|Any CPU.ActiveCfg = Debug|Any CPU
		{2A5BCCE8-6FBE-40EE-91FC-F94FD569D358}.Debug|Any CPU.Build.0 = Debug|Any CPU
		{2A5BCCE8-6FBE-40EE-91FC-F94FD569D358}.Release|Any CPU.ActiveCfg = Release|Any CPU
		{2A5BCCE8-6FBE-40EE-91FC-F94FD569D358}.Release|Any CPU.Build.0 = Release|Any CPU
		{4C728D2D-CB86-41E4-BA66-CE58D699B4D0}.Debug|Any CPU.ActiveCfg = Debug|Any CPU
		{4C728D2D-CB86-41E4-BA66-CE58D699B4D0}.Debug|Any CPU.Build.0 = Debug|Any CPU
		{4C728D2D-CB86-41E4-BA66-CE58D699B4D0}.Debug|Any CPU.Deploy.0 = Debug|Any CPU
		{4C728D2D-CB86-41E4-BA66-CE58D699B4D0}.Release|Any CPU.ActiveCfg = Release|Any CPU
		{4C728D2D-CB86-41E4-BA66-CE58D699B4D0}.Release|Any CPU.Build.0 = Release|Any CPU
		{4C728D2D-CB86-41E4-BA66-CE58D699B4D0}.Release|Any CPU.Deploy.0 = Release|Any CPU
		{43308B3E-F6FE-4777-9D24-A19308EF7F13}.Debug|Any CPU.ActiveCfg = Debug|Any CPU
		{43308B3E-F6FE-4777-9D24-A19308EF7F13}.Debug|Any CPU.Build.0 = Debug|Any CPU
		{43308B3E-F6FE-4777-9D24-A19308EF7F13}.Release|Any CPU.ActiveCfg = Release|Any CPU
		{43308B3E-F6FE-4777-9D24-A19308EF7F13}.Release|Any CPU.Build.0 = Release|Any CPU
		{5F8EDC23-8A1C-47FA-9A5E-8CB23E56A25E}.Debug|Any CPU.ActiveCfg = Debug|Any CPU
		{5F8EDC23-8A1C-47FA-9A5E-8CB23E56A25E}.Debug|Any CPU.Build.0 = Debug|Any CPU
		{5F8EDC23-8A1C-47FA-9A5E-8CB23E56A25E}.Release|Any CPU.ActiveCfg = Release|Any CPU
		{5F8EDC23-8A1C-47FA-9A5E-8CB23E56A25E}.Release|Any CPU.Build.0 = Release|Any CPU
		{644E6307-D859-4297-8A06-88C3B8D74664}.Debug|Any CPU.ActiveCfg = Debug|Any CPU
		{644E6307-D859-4297-8A06-88C3B8D74664}.Debug|Any CPU.Build.0 = Debug|Any CPU
		{644E6307-D859-4297-8A06-88C3B8D74664}.Release|Any CPU.ActiveCfg = Release|Any CPU
		{644E6307-D859-4297-8A06-88C3B8D74664}.Release|Any CPU.Build.0 = Release|Any CPU
		{9806DC3D-EF58-44D1-AC53-12C65D736B74}.Debug|Any CPU.ActiveCfg = Debug|Any CPU
		{9806DC3D-EF58-44D1-AC53-12C65D736B74}.Debug|Any CPU.Build.0 = Debug|Any CPU
		{9806DC3D-EF58-44D1-AC53-12C65D736B74}.Release|Any CPU.ActiveCfg = Release|Any CPU
		{9806DC3D-EF58-44D1-AC53-12C65D736B74}.Release|Any CPU.Build.0 = Release|Any CPU
	EndGlobalSection
	GlobalSection(SolutionProperties) = preSolution
		HideSolutionNode = FALSE
	EndGlobalSection
	GlobalSection(NestedProjects) = preSolution
		{5F8EDC23-8A1C-47FA-9A5E-8CB23E56A25E} = {993D91D4-5F06-41A3-9575-3263E896BA51}
	EndGlobalSection
	GlobalSection(ExtensibilityGlobals) = postSolution
		SolutionGuid = {57DCA10E-4461-4D7F-9DD9-40954040860D}
	EndGlobalSection
EndGlobal
